# Runtime commits that produced the matched-half result.
-e git+https://github.com/AllenNeuralDynamics/aind-dynamic-foraging-bfm-wrapper.git@9595dd371ab87de49c281d8ca4bb6ae8af7c32e4#egg=aind_dynamic_foraging_bfm_wrapper
aind-dynamic-foraging-models @ git+https://github.com/AllenNeuralDynamics/aind-dynamic-foraging-models.git@459c05c38332eb5c954e7cbca328f0a0fe370891
aind-dynamic-foraging-basic-analysis @ git+https://github.com/AllenNeuralDynamics/aind-dynamic-foraging-basic-analysis.git@590e5f085711a8ba99ca0d86e94471f347318daa
grossman_dispatcher_git_commit=604ecadf4f683ed3654b634edbde0f7fe7b30fbb
chen_dispatcher_git_commit=409761e3204fbbd844eb0f544df1e4f1ee71b275
zid_dispatcher_git_commit=4e45011460c6f7aa8d6b95c6ad484ff4ee1b1a04
q_dispatcher_git_commit=409761e3204fbbd844eb0f544df1e4f1ee71b275

# Runtime dependency for the author-aligned baseline variants.
author_baselines_wrapper_git_commit=9595dd371ab87de49c281d8ca4bb6ae8af7c32e4
author_baselines_models_git_commit=a75ae23e0d5bce7985d3c4f5f7f30c7a971e0070

# Original D=614 source and held-out-AIND embedding producer.
source_embedding_wrapper_git_commit=65c3350d801c7596f88f57adef6f4d7e435b9c35

# Stage-A expansion GRU producer and canonical dataset.
stage_a_gru_dispatcher_git_commit=000831451aca5400344efdba23a989a39d2cbc03
stage_a_gru_wrapper_git_commit=9595dd371ab87de49c281d8ca4bb6ae8af7c32e4
stage_a_gru_models_git_commit=459c05c38332eb5c954e7cbca328f0a0fe370891
stage_a_canonical_beaker_dataset=01M1TMMETY8M1V0F0E2V6XP146
stage_a_q_dispatcher_git_commit=230fee7666b6b253e37591b2907702665b39c807

# Kwak choice-orientation correction (supersedes only the Kwak Stage-A cells).
kwak_choicefix_dispatcher_git_commit=8159f838afdbad0984b2a79a42d34accf4cf8c1d
kwak_choicefix_wrapper_git_commit=9595dd371ab87de49c281d8ca4bb6ae8af7c32e4
kwak_choicefix_models_git_commit=459c05c38332eb5c954e7cbca328f0a0fe370891
kwak_choicefix_beaker_dataset=01M1VGY7MV148S9GWM2HW38FRQ
kwak_choicefix_beaker_experiment=01M1VH47Q8M8N75FKM2F5NX7AT
kwak_choicefix_slurm_array_job=25581496

# Hattori (mouse) untreated longitudinal imaging cohort, session 15 onward.
hattori_source_zenodo_record=10969434
hattori_source_md5=b326372c694d9ec45ab90bfbf3e05846
hattori_mature_session_start=15
hattori_canonical_beaker_dataset=01M1ZED14MFW8BC8728QZ3Z30F
